
Microsoft Visual Studio Solution File, Format Version 12.00
# Visual Studio Version 16
VisualStudioVersion = 16.0.29209.62
MinimumVisualStudioVersion = 10.0.40219.1
Project("{FAE04EC0-301F-11D3-BF4B-00C04F79EFBC}") = "ChrisSharp", "ChrisSharp\ChrisSharp.csproj", "{8E39671D-5586-4A80-9ACD-9CD173AFEC56}"
EndProject
Global
	GlobalSection(SolutionConfigurationPlatforms) = preSolution
		Debug|Any CPU = Debug|Any CPU
		Release|Any CPU = Release|Any CPU
	EndGlobalSection
	GlobalSection(ProjectConfigurationPlatforms) = postSolution
		{8E39671D-5586-4A80-9ACD-9CD173AFEC56}.Debug|Any CPU.ActiveCfg = Debug|Any CPU
		{8E39671D-5586-4A80-9ACD-9CD173AFEC56}.Debug|Any CPU.Build.0 = Debug|Any CPU
		{8E39671D-5586-4A80-9ACD-9CD173AFEC56}.Release|Any CPU.ActiveCfg = Release|Any CPU
		{8E39671D-5586-4A80-9ACD-9CD173AFEC56}.Release|Any CPU.Build.0 = Release|Any CPU
	EndGlobalSection
	GlobalSection(SolutionProperties) = preSolution
		HideSolutionNode = FALSE
	EndGlobalSection
	GlobalSection(ExtensibilityGlobals) = postSolution
		SolutionGuid = {CFF28A72-A7C7-49D5-9267-5EF07A032C58}
	EndGlobalSection
EndGlobal
